github.com/google/uuid v1.1.1 h1:Gkbcsh/GbpXz7lPftLA3P6TYMwjCLYm83jiFQZF/3gY=
github.com/google/uuid v1.1.1/go.mod h1:TIyPZe4MgqvfeYDBFedMoGGpEw/LqOeaOT+nhxU+yHo=
github.com/whiteshtef/clockwork v0.0.0-20191105103220-5f1b50934f20 h1:Sm1te6xZywSG5xgjUGfGrBAVHCjomEF6jSrKQz39mTY=
github.com/whiteshtef/clockwork v0.0.0-20191105103220-5f1b50934f20/go.mod h1:6o8H8sci2q3QxZ4p/U88ggqZuhY3mg34+WE5BuazLsU=
